{
  "version": 1,
  "algorithm": "sha256-normalized-core-contract-v1",
  "surfaces": [
    {
      "name": "trace-lang-agent-agent",
      "path": "crates/agent/src/agent.rs",
      "hash": "dda13a95cddfeac12570aef2250b061b19d0aa9811a24dc38253a96cbc3109f2"
    },
    {
      "name": "trace-lang-core-error",
      "path": "crates/core/src/error.rs",
      "hash": "6b0fde3197eea3089ba7492352dba534b1b48c6566a09f9f28eb7226f11c83f9"
    },
    {
      "name": "trace-lang-core-trace",
      "path": "crates/core/src/trace.rs",
      "hash": "ca1fef59f9d7e63248aa51c659cf819e46322d402653d666c3e716d966a0dfe1"
    },
    {
      "name": "trace-lang-task-checkpoint",
      "path": "crates/task/src/checkpoint/mod.rs",
      "hash": "676b6c5f3931c353b5725b222c5ee744b99fc962bcaf6340f6734ca73769464b"
    },
    {
      "name": "trace-lang-task-registry",
      "path": "crates/task/src/registry.rs",
      "hash": "79d5d502d81e3e001210d0e38863d0975ca1c56473822fb4105e218c34b1361e"
    }
  ]
}
