{
  "version": 1,
  "algorithm": "sha256-normalized-core-contract-v1",
  "surfaces": [
    {
      "name": "trace-lang-agent-agent",
      "path": "crates/agent/src/agent.rs",
      "hash": "dda13a95cddfeac12570aef2250b061b19d0aa9811a24dc38253a96cbc3109f2"
    },
    {
      "name": "trace-lang-core-error",
      "path": "crates/core/src/error.rs",
      "hash": "6b0fde3197eea3089ba7492352dba534b1b48c6566a09f9f28eb7226f11c83f9"
    },
    {
      "name": "trace-lang-core-trace",
      "path": "crates/core/src/trace.rs",
      "hash": "2ef507a04f1685d9c941ed5526a91d1628f9408f4116253d8464d22a5de4320e"
    },
    {
      "name": "trace-lang-task-checkpoint",
      "path": "crates/task/src/checkpoint/mod.rs",
      "hash": "676b6c5f3931c353b5725b222c5ee744b99fc962bcaf6340f6734ca73769464b"
    },
    {
      "name": "trace-lang-task-registry",
      "path": "crates/task/src/registry.rs",
      "hash": "61af09c73de6a023545abaec80772c0c8b5bc6958e30311d93f51da831f4dfe9"
    }
  ]
}
