{
  "version": 1,
  "algorithm": "sha256-normalized-core-contract-v1",
  "surfaces": [
    {
      "name": "tracers-agent-agent",
      "path": "crates/agent/src/agent.rs",
      "hash": "533b90011dc0b9ca17e9bf896e53adc2e7a31e23fefbf4403906bfd562acb7a2"
    },
    {
      "name": "tracers-core-error",
      "path": "crates/core/src/error.rs",
      "hash": "6b0fde3197eea3089ba7492352dba534b1b48c6566a09f9f28eb7226f11c83f9"
    },
    {
      "name": "tracers-core-trace",
      "path": "crates/core/src/trace.rs",
      "hash": "ca1fef59f9d7e63248aa51c659cf819e46322d402653d666c3e716d966a0dfe1"
    },
    {
      "name": "tracers-task-checkpoint",
      "path": "crates/task/src/checkpoint/mod.rs",
      "hash": "43753e2330c202b96f66b20d98d62a7c6e484b2dc1d1a805f56d5b77b9c0f180"
    },
    {
      "name": "tracers-task-registry",
      "path": "crates/task/src/registry.rs",
      "hash": "56852053b1fa99a5fbc14890db536dfee1c29061b49b668eb883227ecfbc387b"
    }
  ]
}
